
Microsoft Visual Studio Solution File, Format Version 12.00
# Visual Studio 14
VisualStudioVersion = 14.0.25123.0
MinimumVisualStudioVersion = 10.0.40219.1
Project("{2150E333-8FDC-42A3-9474-1A3956D46DE8}") = "Data", "Data", "{04DAC56E-64E1-4B47-94AA-32219127B3E2}"
EndProject
Project("{2150E333-8FDC-42A3-9474-1A3956D46DE8}") = "Web", "Web", "{B1A15528-4B5D-4E10-8E0D-613C6AB9B9A2}"
EndProject
Project("{FAE04EC0-301F-11D3-BF4B-00C04F79EFBC}") = "RealEstates.Web", "Web\RealEstates.Web\RealEstates.Web.csproj", "{0E38FBA9-6A56-4713-A766-9250547F71C4}"
EndProject
Project("{FAE04EC0-301F-11D3-BF4B-00C04F79EFBC}") = "RealEstates.Data.Data", "Data\RealEstates.Data.Data\RealEstates.Data.Data.csproj", "{816CAC70-0FBE-4F51-92F8-5512143C802C}"
EndProject
Project("{FAE04EC0-301F-11D3-BF4B-00C04F79EFBC}") = "RealEstates.Data.Models", "Data\RealEstates.Data.Models\RealEstates.Data.Models.csproj", "{07D6C846-8D73-47A1-9695-BC3ED6725A9E}"
EndProject
Project("{FAE04EC0-301F-11D3-BF4B-00C04F79EFBC}") = "RealEstates.Data.Common", "Data\RealEstates.Data.Common\RealEstates.Data.Common.csproj", "{1D341DFA-4E72-4111-9E99-6C24B1481625}"
EndProject
Project("{FAE04EC0-301F-11D3-BF4B-00C04F79EFBC}") = "RealEstates.Web.Infrastructure", "Web\RealEstates.Web.Infrastructure\RealEstates.Web.Infrastructure.csproj", "{FDE71878-14B3-463E-90A3-49C013D15097}"
EndProject
Global
	GlobalSection(SolutionConfigurationPlatforms) = preSolution
		Debug|Any CPU = Debug|Any CPU
		Release|Any CPU = Release|Any CPU
	EndGlobalSection
	GlobalSection(ProjectConfigurationPlatforms) = postSolution
		{0E38FBA9-6A56-4713-A766-9250547F71C4}.Debug|Any CPU.ActiveCfg = Debug|Any CPU
		{0E38FBA9-6A56-4713-A766-9250547F71C4}.Debug|Any CPU.Build.0 = Debug|Any CPU
		{0E38FBA9-6A56-4713-A766-9250547F71C4}.Release|Any CPU.ActiveCfg = Release|Any CPU
		{0E38FBA9-6A56-4713-A766-9250547F71C4}.Release|Any CPU.Build.0 = Release|Any CPU
		{816CAC70-0FBE-4F51-92F8-5512143C802C}.Debug|Any CPU.ActiveCfg = Debug|Any CPU
		{816CAC70-0FBE-4F51-92F8-5512143C802C}.Debug|Any CPU.Build.0 = Debug|Any CPU
		{816CAC70-0FBE-4F51-92F8-5512143C802C}.Release|Any CPU.ActiveCfg = Release|Any CPU
		{816CAC70-0FBE-4F51-92F8-5512143C802C}.Release|Any CPU.Build.0 = Release|Any CPU
		{07D6C846-8D73-47A1-9695-BC3ED6725A9E}.Debug|Any CPU.ActiveCfg = Debug|Any CPU
		{07D6C846-8D73-47A1-9695-BC3ED6725A9E}.Debug|Any CPU.Build.0 = Debug|Any CPU
		{07D6C846-8D73-47A1-9695-BC3ED6725A9E}.Release|Any CPU.ActiveCfg = Release|Any CPU
		{07D6C846-8D73-47A1-9695-BC3ED6725A9E}.Release|Any CPU.Build.0 = Release|Any CPU
		{1D341DFA-4E72-4111-9E99-6C24B1481625}.Debug|Any CPU.ActiveCfg = Debug|Any CPU
		{1D341DFA-4E72-4111-9E99-6C24B1481625}.Debug|Any CPU.Build.0 = Debug|Any CPU
		{1D341DFA-4E72-4111-9E99-6C24B1481625}.Release|Any CPU.ActiveCfg = Release|Any CPU
		{1D341DFA-4E72-4111-9E99-6C24B1481625}.Release|Any CPU.Build.0 = Release|Any CPU
		{FDE71878-14B3-463E-90A3-49C013D15097}.Debug|Any CPU.ActiveCfg = Debug|Any CPU
		{FDE71878-14B3-463E-90A3-49C013D15097}.Debug|Any CPU.Build.0 = Debug|Any CPU
		{FDE71878-14B3-463E-90A3-49C013D15097}.Release|Any CPU.ActiveCfg = Release|Any CPU
		{FDE71878-14B3-463E-90A3-49C013D15097}.Release|Any CPU.Build.0 = Release|Any CPU
	EndGlobalSection
	GlobalSection(SolutionProperties) = preSolution
		HideSolutionNode = FALSE
	EndGlobalSection
	GlobalSection(NestedProjects) = preSolution
		{0E38FBA9-6A56-4713-A766-9250547F71C4} = {B1A15528-4B5D-4E10-8E0D-613C6AB9B9A2}
		{816CAC70-0FBE-4F51-92F8-5512143C802C} = {04DAC56E-64E1-4B47-94AA-32219127B3E2}
		{07D6C846-8D73-47A1-9695-BC3ED6725A9E} = {04DAC56E-64E1-4B47-94AA-32219127B3E2}
		{1D341DFA-4E72-4111-9E99-6C24B1481625} = {04DAC56E-64E1-4B47-94AA-32219127B3E2}
		{FDE71878-14B3-463E-90A3-49C013D15097} = {B1A15528-4B5D-4E10-8E0D-613C6AB9B9A2}
	EndGlobalSection
EndGlobal
